
Microsoft Visual Studio Solution File, Format Version 12.00
# Visual Studio 14
VisualStudioVersion = 14.0.25420.1
MinimumVisualStudioVersion = 10.0.40219.1
Project("{FAE04EC0-301F-11D3-BF4B-00C04F79EFBC}") = "Modelos", "Modelos\Modelos.csproj", "{1962EDF5-B11A-41E8-983E-A9D1C728378F}"
EndProject
Project("{FAE04EC0-301F-11D3-BF4B-00C04F79EFBC}") = "ConsoleView", "ConsoleView\ConsoleView.csproj", "{1D2E8227-67E3-4395-802A-C5CA0FEEC7A0}"
EndProject
Global
	GlobalSection(SolutionConfigurationPlatforms) = preSolution
		Debug|Any CPU = Debug|Any CPU
		Release|Any CPU = Release|Any CPU
	EndGlobalSection
	GlobalSection(ProjectConfigurationPlatforms) = postSolution
		{1962EDF5-B11A-41E8-983E-A9D1C728378F}.Debug|Any CPU.ActiveCfg = Debug|Any CPU
		{1962EDF5-B11A-41E8-983E-A9D1C728378F}.Debug|Any CPU.Build.0 = Debug|Any CPU
		{1962EDF5-B11A-41E8-983E-A9D1C728378F}.Release|Any CPU.ActiveCfg = Release|Any CPU
		{1962EDF5-B11A-41E8-983E-A9D1C728378F}.Release|Any CPU.Build.0 = Release|Any CPU
		{1D2E8227-67E3-4395-802A-C5CA0FEEC7A0}.Debug|Any CPU.ActiveCfg = Debug|Any CPU
		{1D2E8227-67E3-4395-802A-C5CA0FEEC7A0}.Debug|Any CPU.Build.0 = Debug|Any CPU
		{1D2E8227-67E3-4395-802A-C5CA0FEEC7A0}.Release|Any CPU.ActiveCfg = Release|Any CPU
		{1D2E8227-67E3-4395-802A-C5CA0FEEC7A0}.Release|Any CPU.Build.0 = Release|Any CPU
	EndGlobalSection
	GlobalSection(SolutionProperties) = preSolution
		HideSolutionNode = FALSE
	EndGlobalSection
EndGlobal
